
Microsoft Visual Studio Solution File, Format Version 12.00
# Visual Studio 15
Project("{FAE04EC0-301F-11D3-BF4B-00C04F79EFBC}") = "Unity.ProBuilder.Examples.Editor", "Unity.ProBuilder.Examples.Editor.csproj", "{662D66AE-7B7A-F147-7121-4B3F6CF07EC0}"
EndProject
Project("{FAE04EC0-301F-11D3-BF4B-00C04F79EFBC}") = "Assembly-CSharp", "Assembly-CSharp.csproj", "{70B1AAEF-43A0-1C27-9B69-395CC66B6419}"
EndProject
Global
	GlobalSection(SolutionConfigurationPlatforms) = preSolution
		Debug|Any CPU = Debug|Any CPU
		Release|Any CPU = Release|Any CPU
	EndGlobalSection
	GlobalSection(ProjectConfigurationPlatforms) = postSolution
		{662D66AE-7B7A-F147-7121-4B3F6CF07EC0}.Debug|Any CPU.ActiveCfg = Debug|Any CPU
		{662D66AE-7B7A-F147-7121-4B3F6CF07EC0}.Debug|Any CPU.Build.0 = Debug|Any CPU
		{662D66AE-7B7A-F147-7121-4B3F6CF07EC0}.Release|Any CPU.ActiveCfg = Release|Any CPU
		{662D66AE-7B7A-F147-7121-4B3F6CF07EC0}.Release|Any CPU.Build.0 = Release|Any CPU
		{70B1AAEF-43A0-1C27-9B69-395CC66B6419}.Debug|Any CPU.ActiveCfg = Debug|Any CPU
		{70B1AAEF-43A0-1C27-9B69-395CC66B6419}.Debug|Any CPU.Build.0 = Debug|Any CPU
		{70B1AAEF-43A0-1C27-9B69-395CC66B6419}.Release|Any CPU.ActiveCfg = Release|Any CPU
		{70B1AAEF-43A0-1C27-9B69-395CC66B6419}.Release|Any CPU.Build.0 = Release|Any CPU
	EndGlobalSection
	GlobalSection(SolutionProperties) = preSolution
		HideSolutionNode = FALSE
	EndGlobalSection
EndGlobal
